{
  "name": "progression",
  "version": "0.1.0",
  "lockfileVersion": 1,
  "requires": true,
  "dependencies": {
    "debug": {
      "version": "2.6.9",
      "resolved": "https://registry.npmjs.org/debug/-/debug-2.6.9.tgz",
      "integrity": "sha512-bC7ElrdJaJnPbAP+1EotYvqZsb3ecl5wi6Bfi6BJTUcNowp6cvspg0jXznRTKDjm/E7AdgFBVeAPVMNcKGsHMA==",
      "requires": {
        "ms": "2.0.0"
      }
    },
    "hasharray": {
      "version": "1.1.1",
      "resolved": "https://registry.npmjs.org/hasharray/-/hasharray-1.1.1.tgz",
      "integrity": "sha512-L+WTUz5XcfQyh3652tOEDLL5ZG6MAS+iYqM2K0N9H/z7RpW0rjlFkXLRdqbwqrGCr9korJzyfDD7i7mtwo42wg==",
      "requires": {
        "jclass": "1.2.1"
      }
    },
    "jclass": {
      "version": "1.2.1",
      "resolved": "https://registry.npmjs.org/jclass/-/jclass-1.2.1.tgz",
      "integrity": "sha1-6q/uwN1qW/iz6kPATgEMY3Y4dos="
    },
    "ms": {
      "version": "2.0.0",
      "resolved": "https://registry.npmjs.org/ms/-/ms-2.0.0.tgz",
      "integrity": "sha1-VgiurfwAvmwpAd9fmGF4jeDVl8g="
    }
  }
}
